
Microsoft Visual Studio Solution File, Format Version 12.00
# Visual Studio Version 17
VisualStudioVersion = 17.13.35825.156 d17.13
MinimumVisualStudioVersion = 10.0.40219.1
Project("{FAE04EC0-301F-11D3-BF4B-00C04F79EFBC}") = "razor", "razor\razor.csproj", "{3F570DB9-534D-4DBE-8F85-B2C53A35D8FD}"
EndProject
Global
	GlobalSection(SolutionConfigurationPlatforms) = preSolution
		Debug|Any CPU = Debug|Any CPU
		Release|Any CPU = Release|Any CPU
	EndGlobalSection
	GlobalSection(ProjectConfigurationPlatforms) = postSolution
		{3F570DB9-534D-4DBE-8F85-B2C53A35D8FD}.Debug|Any CPU.ActiveCfg = Debug|Any CPU
		{3F570DB9-534D-4DBE-8F85-B2C53A35D8FD}.Debug|Any CPU.Build.0 = Debug|Any CPU
		{3F570DB9-534D-4DBE-8F85-B2C53A35D8FD}.Release|Any CPU.ActiveCfg = Release|Any CPU
		{3F570DB9-534D-4DBE-8F85-B2C53A35D8FD}.Release|Any CPU.Build.0 = Release|Any CPU
	EndGlobalSection
	GlobalSection(SolutionProperties) = preSolution
		HideSolutionNode = FALSE
	EndGlobalSection
	GlobalSection(ExtensibilityGlobals) = postSolution
		SolutionGuid = {30E23160-2FFE-485A-B705-F876DFD942A4}
	EndGlobalSection
EndGlobal
